// !$*UTF8*$!
{
	archiveVersion = 1;
	classes = {
	};
	objectVersion = 50;
	objects = {

/* Begin PBXBuildFile section */
		1132057324FF1396003DC035 /* AppDelegate.swift in Sources */ = {isa = PBXBuildFile; fileRef = 1132057224FF1396003DC035 /* AppDelegate.swift */; };
		1132057524FF1396003DC035 /* SceneDelegate.swift in Sources */ = {isa = PBXBuildFile; fileRef = 1132057424FF1396003DC035 /* SceneDelegate.swift */; };
		1132057724FF1396003DC035 /* ViewController.swift in Sources */ = {isa = PBXBuildFile; fileRef = 1132057624FF1396003DC035 /* ViewController.swift */; };
		1132057A24FF1396003DC035 /* Main.storyboard in Resources */ = {isa = PBXBuildFile; fileRef = 1132057824FF1396003DC035 /* Main.storyboard */; };
		1132057C24FF139B003DC035 /* Assets.xcassets in Resources */ = {isa = PBXBuildFile; fileRef = 1132057B24FF139B003DC035 /* Assets.xcassets */; };
		1132057F24FF139B003DC035 /* LaunchScreen.storyboard in Resources */ = {isa = PBXBuildFile; fileRef = 1132057D24FF139B003DC035 /* LaunchScreen.storyboard */; };
		1132058A24FF139B003DC035 /* tipTests.swift in Sources */ = {isa = PBXBuildFile; fileRef = 1132058924FF139B003DC035 /* tipTests.swift */; };
		1132059524FF139B003DC035 /* tipUITests.swift in Sources */ = {isa = PBXBuildFile; fileRef = 1132059424FF139B003DC035 /* tipUITests.swift */; };
/* End PBXBuildFile section */

/* Begin PBXContainerItemProxy section */
		1132058624FF139B003DC035 /* PBXContainerItemProxy */ = {
			isa = PBXContainerItemProxy;
			containerPortal = 1132056724FF1396003DC035 /* Project object */;
			proxyType = 1;
			remoteGlobalIDString = 1132056E24FF1396003DC035;
			remoteInfo = tip;
		};
		1132059124FF139B003DC035 /* PBXContainerItemProxy */ = {
			isa = PBXContainerItemProxy;
			containerPortal = 1132056724FF1396003DC035 /* Project object */;
			proxyType = 1;
			remoteGlobalIDString = 1132056E24FF1396003DC035;
			remoteInfo = tip;
		};
/* End PBXContainerItemProxy section */

/* Begin PBXFileReference section */
		1132056F24FF1396003DC035 /* tip.app */ = {isa = PBXFileReference; explicitFileType = wrapper.application; includeInIndex = 0; path = tip.app; sourceTree = BUILT_PRODUCTS_DIR; };
		1132057224FF1396003DC035 /* AppDelegate.swift */ = {isa = PBXFileReference; lastKnownFileType = sourcecode.swift; path = AppDelegate.swift; sourceTree = "<group>"; };
		1132057424FF1396003DC035 /* SceneDelegate.swift */ = {isa = PBXFileReference; lastKnownFileType = sourcecode.swift; path = SceneDelegate.swift; sourceTree = "<group>"; };
		1132057624FF1396003DC035 /* ViewController.swift */ = {isa = PBXFileReference; lastKnownFileType = sourcecode.swift; path = ViewController.swift; sourceTree = "<group>"; };
		1132057924FF1396003DC035 /* Base */ = {isa = PBXFileReference; lastKnownFileType = file.storyboard; name = Base; path = Base.lproj/Main.storyboard; sourceTree = "<group>"; };
		1132057B24FF139B003DC035 /* Assets.xcassets */ = {isa = PBXFileReference; lastKnownFileType = folder.assetcatalog; path = Assets.xcassets; sourceTree = "<group>"; };
		1132057E24FF139B003DC035 /* Base */ = {isa = PBXFileReference; lastKnownFileType = file.storyboard; name = Base; path = Base.lproj/LaunchScreen.storyboard; sourceTree = "<group>"; };
		1132058024FF139B003DC035 /* Info.plist */ = {isa = PBXFileReference; lastKnownFileType = text.plist.xml; path = Info.plist; sourceTree = "<group>"; };
		1132058524FF139B003DC035 /* tipTests.xctest */ = {isa = PBXFileReference; explicitFileType = wrapper.cfbundle; includeInIndex = 0; path = tipTests.xctest; sourceTree = BUILT_PRODUCTS_DIR; };
		1132058924FF139B003DC035 /* tipTests.swift */ = {isa = PBXFileReference; lastKnownFileType = sourcecode.swift; path = tipTests.swift; sourceTree = "<group>"; };
		1132058B24FF139B003DC035 /* Info.plist */ = {isa = PBXFileReference; lastKnownFileType = text.plist.xml; path = Info.plist; sourceTree = "<group>"; };
		1132059024FF139B003DC035 /* tipUITests.xctest */ = {isa = PBXFileReference; explicitFileType = wrapper.cfbundle; includeInIndex = 0; path = tipUITests.xctest; sourceTree = BUILT_PRODUCTS_DIR; };
		1132059424FF139B003DC035 /* tipUITests.swift */ = {isa = PBXFileReference; lastKnownFileType = sourcecode.swift; path = tipUITests.swift; sourceTree = "<group>"; };
		1132059624FF139B003DC035 /* Info.plist */ = {isa = PBXFileReference; lastKnownFileType = text.plist.xml; path = Info.plist; sourceTree = "<group>"; };
/* End PBXFileReference section */

/* Begin PBXFrameworksBuildPhase section */
		1132056C24FF1396003DC035 /* Frameworks */ = {
			isa = PBXFrameworksBuildPhase;
			buildActionMask = 2147483647;
			files = (
			);
			runOnlyForDeploymentPostprocessing = 0;
		};
		1132058224FF139B003DC035 /* Frameworks */ = {
			isa = PBXFrameworksBuildPhase;
			buildActionMask = 2147483647;
			files = (
			);
			runOnlyForDeploymentPostprocessing = 0;
		};
		1132058D24FF139B003DC035 /* Frameworks */ = {
			isa = PBXFrameworksBuildPhase;
			buildActionMask = 2147483647;
			files = (
			);
			runOnlyForDeploymentPostprocessing = 0;
		};
/* End PBXFrameworksBuildPhase section */

/* Begin PBXGroup section */
		1132056624FF1396003DC035 = {
			isa = PBXGroup;
			children = (
				1132057124FF1396003DC035 /* tip */,
				1132058824FF139B003DC035 /* tipTests */,
				1132059324FF139B003DC035 /* tipUITests */,
				1132057024FF1396003DC035 /* Products */,
			);
			sourceTree = "<group>";
		};
		1132057024FF1396003DC035 /* Products */ = {
			isa = PBXGroup;
			children = (
				1132056F24FF1396003DC035 /* tip.app */,
				1132058524FF139B003DC035 /* tipTests.xctest */,
				1132059024FF139B003DC035 /* tipUITests.xctest */,
			);
			name = Products;
			sourceTree = "<group>";
		};
		1132057124FF1396003DC035 /* tip */ = {
			isa = PBXGroup;
			children = (
				1132057224FF1396003DC035 /* AppDelegate.swift */,
				1132057424FF1396003DC035 /* SceneDelegate.swift */,
				1132057624FF1396003DC035 /* ViewController.swift */,
				1132057824FF1396003DC035 /* Main.storyboard */,
				1132057B24FF139B003DC035 /* Assets.xcassets */,
				1132057D24FF139B003DC035 /* LaunchScreen.storyboard */,
				1132058024FF139B003DC035 /* Info.plist */,
			);
			path = tip;
			sourceTree = "<group>";
		};
		1132058824FF139B003DC035 /* tipTests */ = {
			isa = PBXGroup;
			children = (
				1132058924FF139B003DC035 /* tipTests.swift */,
				1132058B24FF139B003DC035 /* Info.plist */,
			);
			path = tipTests;
			sourceTree = "<group>";
		};
		1132059324FF139B003DC035 /* tipUITests */ = {
			isa = PBXGroup;
			children = (
				1132059424FF139B003DC035 /* tipUITests.swift */,
				1132059624FF139B003DC035 /* Info.plist */,
			);
			path = tipUITests;
			sourceTree = "<group>";
		};
/* End PBXGroup section */

/* Begin PBXNativeTarget section */
		1132056E24FF1396003DC035 /* tip */ = {
			isa = PBXNativeTarget;
			buildConfigurationList = 1132059924FF139B003DC035 /* Build configuration list for PBXNativeTarget "tip" */;
			buildPhases = (
				1132056B24FF1396003DC035 /* Sources */,
				1132056C24FF1396003DC035 /* Frameworks */,
				1132056D24FF1396003DC035 /* Resources */,
			);
			buildRules = (
			);
			dependencies = (
			);
			name = tip;
			productName = tip;
			productReference = 1132056F24FF1396003DC035 /* tip.app */;
			productType = "com.apple.product-type.application";
		};
		1132058424FF139B003DC035 /* tipTests */ = {
			isa = PBXNativeTarget;
			buildConfigurationList = 1132059C24FF139B003DC035 /* Build configuration list for PBXNativeTarget "tipTests" */;
			buildPhases = (
				1132058124FF139B003DC035 /* Sources */,
				1132058224FF139B003DC035 /* Frameworks */,
				1132058324FF139B003DC035 /* Resources */,
			);
			buildRules = (
			);
			dependencies = (
				1132058724FF139B003DC035 /* PBXTargetDependency */,
			);
			name = tipTests;
			productName = tipTests;
			productReference = 1132058524FF139B003DC035 /* tipTests.xctest */;
			productType = "com.apple.product-type.bundle.unit-test";
		};
		1132058F24FF139B003DC035 /* tipUITests */ = {
			isa = PBXNativeTarget;
			buildConfigurationList = 1132059F24FF139B003DC035 /* Build configuration list for PBXNativeTarget "tipUITests" */;
			buildPhases = (
				1132058C24FF139B003DC035 /* Sources */,
				1132058D24FF139B003DC035 /* Frameworks */,
				1132058E24FF139B003DC035 /* Resources */,
			);
			buildRules = (
			);
			dependencies = (
				1132059224FF139B003DC035 /* PBXTargetDependency */,
			);
			name = tipUITests;
			productName = tipUITests;
			productReference = 1132059024FF139B003DC035 /* tipUITests.xctest */;
			productType = "com.apple.product-type.bundle.ui-testing";
		};
/* End PBXNativeTarget section */

/* Begin PBXProject section */
		1132056724FF1396003DC035 /* Project object */ = {
			isa = PBXProject;
			attributes = {
				LastSwiftUpdateCheck = 1160;
				LastUpgradeCheck = 1160;
				ORGANIZATIONNAME = "Nathan Latronica";
				TargetAttributes = {
					1132056E24FF1396003DC035 = {
						CreatedOnToolsVersion = 11.6;
					};
					1132058424FF139B003DC035 = {
						CreatedOnToolsVersion = 11.6;
						TestTargetID = 1132056E24FF1396003DC035;
					};
					1132058F24FF139B003DC035 = {
						CreatedOnToolsVersion = 11.6;
						TestTargetID = 1132056E24FF1396003DC035;
					};
				};
			};
			buildConfigurationList = 1132056A24FF1396003DC035 /* Build configuration list for PBXProject "tip" */;
			compatibilityVersion = "Xcode 9.3";
			developmentRegion = en;
			hasScannedForEncodings = 0;
			knownRegions = (
				en,
				Base,
			);
			mainGroup = 1132056624FF1396003DC035;
			productRefGroup = 1132057024FF1396003DC035 /* Products */;
			projectDirPath = "";
			projectRoot = "";
			targets = (
				1132056E24FF1396003DC035 /* tip */,
				1132058424FF139B003DC035 /* tipTests */,
				1132058F24FF139B003DC035 /* tipUITests */,
			);
		};
/* End PBXProject section */

/* Begin PBXResourcesBuildPhase section */
		1132056D24FF1396003DC035 /* Resources */ = {
			isa = PBXResourcesBuildPhase;
			buildActionMask = 2147483647;
			files = (
				1132057F24FF139B003DC035 /* LaunchScreen.storyboard in Resources */,
				1132057C24FF139B003DC035 /* Assets.xcassets in Resources */,
				1132057A24FF1396003DC035 /* Main.storyboard in Resources */,
			);
			runOnlyForDeploymentPostprocessing = 0;
		};
		1132058324FF139B003DC035 /* Resources */ = {
			isa = PBXResourcesBuildPhase;
			buildActionMask = 2147483647;
			files = (
			);
			runOnlyForDeploymentPostprocessing = 0;
		};
		1132058E24FF139B003DC035 /* Resources */ = {
			isa = PBXResourcesBuildPhase;
			buildActionMask = 2147483647;
			files = (
			);
			runOnlyForDeploymentPostprocessing = 0;
		};
/* End PBXResourcesBuildPhase section */

/* Begin PBXSourcesBuildPhase section */
		1132056B24FF1396003DC035 /* Sources */ = {
			isa = PBXSourcesBuildPhase;
			buildActionMask = 2147483647;
			files = (
				1132057724FF1396003DC035 /* ViewController.swift in Sources */,
				1132057324FF1396003DC035 /* AppDelegate.swift in Sources */,
				1132057524FF1396003DC035 /* SceneDelegate.swift in Sources */,
			);
			runOnlyForDeploymentPostprocessing = 0;
		};
		1132058124FF139B003DC035 /* Sources */ = {
			isa = PBXSourcesBuildPhase;
			buildActionMask = 2147483647;
			files = (
				1132058A24FF139B003DC035 /* tipTests.swift in Sources */,
			);
			runOnlyForDeploymentPostprocessing = 0;
		};
		1132058C24FF139B003DC035 /* Sources */ = {
			isa = PBXSourcesBuildPhase;
			buildActionMask = 2147483647;
			files = (
				1132059524FF139B003DC035 /* tipUITests.swift in Sources */,
			);
			runOnlyForDeploymentPostprocessing = 0;
		};
/* End PBXSourcesBuildPhase section */

/* Begin PBXTargetDependency section */
		1132058724FF139B003DC035 /* PBXTargetDependency */ = {
			isa = PBXTargetDependency;
			target = 1132056E24FF1396003DC035 /* tip */;
			targetProxy = 1132058624FF139B003DC035 /* PBXContainerItemProxy */;
		};
		1132059224FF139B003DC035 /* PBXTargetDependency */ = {
			isa = PBXTargetDependency;
			target = 1132056E24FF1396003DC035 /* tip */;
			targetProxy = 1132059124FF139B003DC035 /* PBXContainerItemProxy */;
		};
/* End PBXTargetDependency section */

/* Begin PBXVariantGroup section */
		1132057824FF1396003DC035 /* Main.storyboard */ = {
			isa = PBXVariantGroup;
			children = (
				1132057924FF1396003DC035 /* Base */,
			);
			name = Main.storyboard;
			sourceTree = "<group>";
		};
		1132057D24FF139B003DC035 /* LaunchScreen.storyboard */ = {
			isa = PBXVariantGroup;
			children = (
				1132057E24FF139B003DC035 /* Base */,
			);
			name = LaunchScreen.storyboard;
			sourceTree = "<group>";
		};
/* End PBXVariantGroup section */

/* Begin XCBuildConfiguration section */
		1132059724FF139B003DC035 /* Debug */ = {
			isa = XCBuildConfiguration;
			buildSettings = {
				ALWAYS_SEARCH_USER_PATHS = NO;
				CLANG_ANALYZER_NONNULL = YES;
				CLANG_ANALYZER_NUMBER_OBJECT_CONVERSION = YES_AGGRESSIVE;
				CLANG_CXX_LANGUAGE_STANDARD = "gnu++14";
				CLANG_CXX_LIBRARY = "libc++";
				CLANG_ENABLE_MODULES = YES;
				CLANG_ENABLE_OBJC_ARC = YES;
				CLANG_ENABLE_OBJC_WEAK = YES;
				CLANG_WARN_BLOCK_CAPTURE_AUTORELEASING = YES;
				CLANG_WARN_BOOL_CONVERSION = YES;
				CLANG_WARN_COMMA = YES;
				CLANG_WARN_CONSTANT_CONVERSION = YES;
				CLANG_WARN_DEPRECATED_OBJC_IMPLEMENTATIONS = YES;
				CLANG_WARN_DIRECT_OBJC_ISA_USAGE = YES_ERROR;
				CLANG_WARN_DOCUMENTATION_COMMENTS = YES;
				CLANG_WARN_EMPTY_BODY = YES;
				CLANG_WARN_ENUM_CONVERSION = YES;
				CLANG_WARN_INFINITE_RECURSION = YES;
				CLANG_WARN_INT_CONVERSION = YES;
				CLANG_WARN_NON_LITERAL_NULL_CONVERSION = YES;
				CLANG_WARN_OBJC_IMPLICIT_RETAIN_SELF = YES;
				CLANG_WARN_OBJC_LITERAL_CONVERSION = YES;
				CLANG_WARN_OBJC_ROOT_CLASS = YES_ERROR;
				CLANG_WARN_RANGE_LOOP_ANALYSIS = YES;
				CLANG_WARN_STRICT_PROTOTYPES = YES;
				CLANG_WARN_SUSPICIOUS_MOVE = YES;
				CLANG_WARN_UNGUARDED_AVAILABILITY = YES_AGGRESSIVE;
				CLANG_WARN_UNREACHABLE_CODE = YES;
				CLANG_WARN__DUPLICATE_METHOD_MATCH = YES;
				COPY_PHASE_STRIP = NO;
				DEBUG_INFORMATION_FORMAT = dwarf;
				ENABLE_STRICT_OBJC_MSGSEND = YES;
				ENABLE_TESTABILITY = YES;
				GCC_C_LANGUAGE_STANDARD = gnu11;
				GCC_DYNAMIC_NO_PIC = NO;
				GCC_NO_COMMON_BLOCKS = YES;
				GCC_OPTIMIZATION_LEVEL = 0;
				GCC_PREPROCESSOR_DEFINITIONS = (
					"DEBUG=1",
					"$(inherited)",
				);
				GCC_WARN_64_TO_32_BIT_CONVERSION = YES;
				GCC_WARN_ABOUT_RETURN_TYPE = YES_ERROR;
				GCC_WARN_UNDECLARED_SELECTOR = YES;
				GCC_WARN_UNINITIALIZED_AUTOS = YES_AGGRESSIVE;
				GCC_WARN_UNUSED_FUNCTION = YES;
				GCC_WARN_UNUSED_VARIABLE = YES;
				IPHONEOS_DEPLOYMENT_TARGET = 13.6;
				MTL_ENABLE_DEBUG_INFO = INCLUDE_SOURCE;
				MTL_FAST_MATH = YES;
				ONLY_ACTIVE_ARCH = YES;
				SDKROOT = iphoneos;
				SWIFT_ACTIVE_COMPILATION_CONDITIONS = DEBUG;
				SWIFT_OPTIMIZATION_LEVEL = "-Onone";
			};
			name = Debug;
		};
		1132059824FF139B003DC035 /* Release */ = {
			isa = XCBuildConfiguration;
			buildSettings = {
				ALWAYS_SEARCH_USER_PATHS = NO;
				CLANG_ANALYZER_NONNULL = YES;
				CLANG_ANALYZER_NUMBER_OBJECT_CONVERSION = YES_AGGRESSIVE;
				CLANG_CXX_LANGUAGE_STANDARD = "gnu++14";
				CLANG_CXX_LIBRARY = "libc++";
				CLANG_ENABLE_MODULES = YES;
				CLANG_ENABLE_OBJC_ARC = YES;
				CLANG_ENABLE_OBJC_WEAK = YES;
				CLANG_WARN_BLOCK_CAPTURE_AUTORELEASING = YES;
				CLANG_WARN_BOOL_CONVERSION = YES;
				CLANG_WARN_COMMA = YES;
				CLANG_WARN_CONSTANT_CONVERSION = YES;
				CLANG_WARN_DEPRECATED_OBJC_IMPLEMENTATIONS = YES;
				CLANG_WARN_DIRECT_OBJC_ISA_USAGE = YES_ERROR;
				CLANG_WARN_DOCUMENTATION_COMMENTS = YES;
				CLANG_WARN_EMPTY_BODY = YES;
				CLANG_WARN_ENUM_CONVERSION = YES;
				CLANG_WARN_INFINITE_RECURSION = YES;
				CLANG_WARN_INT_CONVERSION = YES;
				CLANG_WARN_NON_LITERAL_NULL_CONVERSION = YES;
				CLANG_WARN_OBJC_IMPLICIT_RETAIN_SELF = YES;
				CLANG_WARN_OBJC_LITERAL_CONVERSION = YES;
				CLANG_WARN_OBJC_ROOT_CLASS = YES_ERROR;
				CLANG_WARN_RANGE_LOOP_ANALYSIS = YES;
				CLANG_WARN_STRICT_PROTOTYPES = YES;
				CLANG_WARN_SUSPICIOUS_MOVE = YES;
				CLANG_WARN_UNGUARDED_AVAILABILITY = YES_AGGRESSIVE;
				CLANG_WARN_UNREACHABLE_CODE = YES;
				CLANG_WARN__DUPLICATE_METHOD_MATCH = YES;
				COPY_PHASE_STRIP = NO;
				DEBUG_INFORMATION_FORMAT = "dwarf-with-dsym";
				ENABLE_NS_ASSERTIONS = NO;
				ENABLE_STRICT_OBJC_MSGSEND = YES;
				GCC_C_LANGUAGE_STANDARD = gnu11;
				GCC_NO_COMMON_BLOCKS = YES;
				GCC_WARN_64_TO_32_BIT_CONVERSION = YES;
				GCC_WARN_ABOUT_RETURN_TYPE = YES_ERROR;
				GCC_WARN_UNDECLARED_SELECTOR = YES;
				GCC_WARN_UNINITIALIZED_AUTOS = YES_AGGRESSIVE;
				GCC_WARN_UNUSED_FUNCTION = YES;
				GCC_WARN_UNUSED_VARIABLE = YES;
				IPHONEOS_DEPLOYMENT_TARGET = 13.6;
				MTL_ENABLE_DEBUG_INFO = NO;
				MTL_FAST_MATH = YES;
				SDKROOT = iphoneos;
				SWIFT_COMPILATION_MODE = wholemodule;
				SWIFT_OPTIMIZATION_LEVEL = "-O";
				VALIDATE_PRODUCT = YES;
			};
			name = Release;
		};
		1132059A24FF139B003DC035 /* Debug */ = {
			isa = XCBuildConfiguration;
			buildSettings = {
				ASSETCATALOG_COMPILER_APPICON_NAME = AppIcon;
				CODE_SIGN_STYLE = Automatic;
				INFOPLIST_FILE = tip/Info.plist;
				LD_RUNPATH_SEARCH_PATHS = (
					"$(inherited)",
					"@executable_path/Frameworks",
				);
				PRODUCT_BUNDLE_IDENTIFIER = "Nathan-Latronica.tip";
				PRODUCT_NAME = "$(TARGET_NAME)";
				SWIFT_VERSION = 5.0;
				TARGETED_DEVICE_FAMILY = "1,2";
			};
			name = Debug;
		};
		1132059B24FF139B003DC035 /* Release */ = {
			isa = XCBuildConfiguration;
			buildSettings = {
				ASSETCATALOG_COMPILER_APPICON_NAME = AppIcon;
				CODE_SIGN_STYLE = Automatic;
				INFOPLIST_FILE = tip/Info.plist;
				LD_RUNPATH_SEARCH_PATHS = (
					"$(inherited)",
					"@executable_path/Frameworks",
				);
				PRODUCT_BUNDLE_IDENTIFIER = "Nathan-Latronica.tip";
				PRODUCT_NAME = "$(TARGET_NAME)";
				SWIFT_VERSION = 5.0;
				TARGETED_DEVICE_FAMILY = "1,2";
			};
			name = Release;
		};
		1132059D24FF139B003DC035 /* Debug */ = {
			isa = XCBuildConfiguration;
			buildSettings = {
				ALWAYS_EMBED_SWIFT_STANDARD_LIBRARIES = YES;
				BUNDLE_LOADER = "$(TEST_HOST)";
				CODE_SIGN_STYLE = Automatic;
				INFOPLIST_FILE = tipTests/Info.plist;
				IPHONEOS_DEPLOYMENT_TARGET = 13.6;
				LD_RUNPATH_SEARCH_PATHS = (
					"$(inherited)",
					"@executable_path/Frameworks",
					"@loader_path/Frameworks",
				);
				PRODUCT_BUNDLE_IDENTIFIER = "Nathan-Latronica.tipTests";
				PRODUCT_NAME = "$(TARGET_NAME)";
				SWIFT_VERSION = 5.0;
				TARGETED_DEVICE_FAMILY = "1,2";
				TEST_HOST = "$(BUILT_PRODUCTS_DIR)/tip.app/tip";
			};
			name = Debug;
		};
		1132059E24FF139B003DC035 /* Release */ = {
			isa = XCBuildConfiguration;
			buildSettings = {
				ALWAYS_EMBED_SWIFT_STANDARD_LIBRARIES = YES;
				BUNDLE_LOADER = "$(TEST_HOST)";
				CODE_SIGN_STYLE = Automatic;
				INFOPLIST_FILE = tipTests/Info.plist;
				IPHONEOS_DEPLOYMENT_TARGET = 13.6;
				LD_RUNPATH_SEARCH_PATHS = (
					"$(inherited)",
					"@executable_path/Frameworks",
					"@loader_path/Frameworks",
				);
				PRODUCT_BUNDLE_IDENTIFIER = "Nathan-Latronica.tipTests";
				PRODUCT_NAME = "$(TARGET_NAME)";
				SWIFT_VERSION = 5.0;
				TARGETED_DEVICE_FAMILY = "1,2";
				TEST_HOST = "$(BUILT_PRODUCTS_DIR)/tip.app/tip";
			};
			name = Release;
		};
		113205A024FF139B003DC035 /* Debug */ = {
			isa = XCBuildConfiguration;
			buildSettings = {
				ALWAYS_EMBED_SWIFT_STANDARD_LIBRARIES = YES;
				CODE_SIGN_STYLE = Automatic;
				INFOPLIST_FILE = tipUITests/Info.plist;
				LD_RUNPATH_SEARCH_PATHS = (
					"$(inherited)",
					"@executable_path/Frameworks",
					"@loader_path/Frameworks",
				);
				PRODUCT_BUNDLE_IDENTIFIER = "Nathan-Latronica.tipUITests";
				PRODUCT_NAME = "$(TARGET_NAME)";
				SWIFT_VERSION = 5.0;
				TARGETED_DEVICE_FAMILY = "1,2";
				TEST_TARGET_NAME = tip;
			};
			name = Debug;
		};
		113205A124FF139B003DC035 /* Release */ = {
			isa = XCBuildConfiguration;
			buildSettings = {
				ALWAYS_EMBED_SWIFT_STANDARD_LIBRARIES = YES;
				CODE_SIGN_STYLE = Automatic;
				INFOPLIST_FILE = tipUITests/Info.plist;
				LD_RUNPATH_SEARCH_PATHS = (
					"$(inherited)",
					"@executable_path/Frameworks",
					"@loader_path/Frameworks",
				);
				PRODUCT_BUNDLE_IDENTIFIER = "Nathan-Latronica.tipUITests";
				PRODUCT_NAME = "$(TARGET_NAME)";
				SWIFT_VERSION = 5.0;
				TARGETED_DEVICE_FAMILY = "1,2";
				TEST_TARGET_NAME = tip;
			};
			name = Release;
		};
/* End XCBuildConfiguration section */

/* Begin XCConfigurationList section */
		1132056A24FF1396003DC035 /* Build configuration list for PBXProject "tip" */ = {
			isa = XCConfigurationList;
			buildConfigurations = (
				1132059724FF139B003DC035 /* Debug */,
				1132059824FF139B003DC035 /* Release */,
			);
			defaultConfigurationIsVisible = 0;
			defaultConfigurationName = Release;
		};
		1132059924FF139B003DC035 /* Build configuration list for PBXNativeTarget "tip" */ = {
			isa = XCConfigurationList;
			buildConfigurations = (
				1132059A24FF139B003DC035 /* Debug */,
				1132059B24FF139B003DC035 /* Release */,
			);
			defaultConfigurationIsVisible = 0;
			defaultConfigurationName = Release;
		};
		1132059C24FF139B003DC035 /* Build configuration list for PBXNativeTarget "tipTests" */ = {
			isa = XCConfigurationList;
			buildConfigurations = (
				1132059D24FF139B003DC035 /* Debug */,
				1132059E24FF139B003DC035 /* Release */,
			);
			defaultConfigurationIsVisible = 0;
			defaultConfigurationName = Release;
		};
		1132059F24FF139B003DC035 /* Build configuration list for PBXNativeTarget "tipUITests" */ = {
			isa = XCConfigurationList;
			buildConfigurations = (
				113205A024FF139B003DC035 /* Debug */,
				113205A124FF139B003DC035 /* Release */,
			);
			defaultConfigurationIsVisible = 0;
			defaultConfigurationName = Release;
		};
/* End XCConfigurationList section */
	};
	rootObject = 1132056724FF1396003DC035 /* Project object */;
}
